
Microsoft Visual Studio Solution File, Format Version 12.00
# Visual Studio Version 17
VisualStudioVersion = 17.2.32505.173
MinimumVisualStudioVersion = 10.0.40219.1
Project("{9A19103F-16F7-4668-BE54-9A1E7A4F7556}") = "NeuralNetworkFrame", "NeuralNetworkFrame\NeuralNetworkFrame.csproj", "{A2350497-DB7C-439D-956B-2BE4F735D6F1}"
EndProject
Project("{FAE04EC0-301F-11D3-BF4B-00C04F79EFBC}") = "NeuralNetworkFrame.Tests", "NeuralNetworkFrame.Tests\NeuralNetworkFrame.Tests.csproj", "{90E2DA0A-7EB7-49B1-A9E6-5AFFC0FD9B75}"
EndProject
Global
	GlobalSection(SolutionConfigurationPlatforms) = preSolution
		Debug|Any CPU = Debug|Any CPU
		Release|Any CPU = Release|Any CPU
	EndGlobalSection
	GlobalSection(ProjectConfigurationPlatforms) = postSolution
		{A2350497-DB7C-439D-956B-2BE4F735D6F1}.Debug|Any CPU.ActiveCfg = Debug|Any CPU
		{A2350497-DB7C-439D-956B-2BE4F735D6F1}.Debug|Any CPU.Build.0 = Debug|Any CPU
		{A2350497-DB7C-439D-956B-2BE4F735D6F1}.Release|Any CPU.ActiveCfg = Release|Any CPU
		{A2350497-DB7C-439D-956B-2BE4F735D6F1}.Release|Any CPU.Build.0 = Release|Any CPU
		{90E2DA0A-7EB7-49B1-A9E6-5AFFC0FD9B75}.Debug|Any CPU.ActiveCfg = Debug|Any CPU
		{90E2DA0A-7EB7-49B1-A9E6-5AFFC0FD9B75}.Debug|Any CPU.Build.0 = Debug|Any CPU
		{90E2DA0A-7EB7-49B1-A9E6-5AFFC0FD9B75}.Release|Any CPU.ActiveCfg = Release|Any CPU
		{90E2DA0A-7EB7-49B1-A9E6-5AFFC0FD9B75}.Release|Any CPU.Build.0 = Release|Any CPU
	EndGlobalSection
	GlobalSection(SolutionProperties) = preSolution
		HideSolutionNode = FALSE
	EndGlobalSection
	GlobalSection(ExtensibilityGlobals) = postSolution
		SolutionGuid = {0F3CFB82-49B7-4492-B277-96F67CFB2D06}
	EndGlobalSection
EndGlobal
